
Microsoft Visual Studio Solution File, Format Version 12.00
# Visual Studio Version 17
VisualStudioVersion = 17.14.36310.24
MinimumVisualStudioVersion = 10.0.40219.1
Project("{FAE04EC0-301F-11D3-BF4B-00C04F79EFBC}") = "Z.Server", "Z.Server\Z.Server.csproj", "{7743DB7A-219B-4FB9-99C1-D2E58FD8736E}"
EndProject
Project("{FAE04EC0-301F-11D3-BF4B-00C04F79EFBC}") = "Z.BD", "Z.BD\Z.BD.csproj", "{B88F6840-18AC-4F56-A824-488D1DDF086F}"
EndProject
Project("{FAE04EC0-301F-11D3-BF4B-00C04F79EFBC}") = "Z.Shared", "Z.Shared\Z.Shared.csproj", "{E313847F-74EA-4716-B96C-2C34F11CC297}"
EndProject
Project("{FAE04EC0-301F-11D3-BF4B-00C04F79EFBC}") = "Z.Client", "Z.Client\Z.Client.csproj", "{FAD40A21-2E8A-4906-8C92-97F1CE1EE957}"
EndProject
Global
	GlobalSection(SolutionConfigurationPlatforms) = preSolution
		Debug|Any CPU = Debug|Any CPU
		Release|Any CPU = Release|Any CPU
	EndGlobalSection
	GlobalSection(ProjectConfigurationPlatforms) = postSolution
		{7743DB7A-219B-4FB9-99C1-D2E58FD8736E}.Debug|Any CPU.ActiveCfg = Debug|Any CPU
		{7743DB7A-219B-4FB9-99C1-D2E58FD8736E}.Debug|Any CPU.Build.0 = Debug|Any CPU
		{7743DB7A-219B-4FB9-99C1-D2E58FD8736E}.Release|Any CPU.ActiveCfg = Release|Any CPU
		{7743DB7A-219B-4FB9-99C1-D2E58FD8736E}.Release|Any CPU.Build.0 = Release|Any CPU
		{B88F6840-18AC-4F56-A824-488D1DDF086F}.Debug|Any CPU.ActiveCfg = Debug|Any CPU
		{B88F6840-18AC-4F56-A824-488D1DDF086F}.Debug|Any CPU.Build.0 = Debug|Any CPU
		{B88F6840-18AC-4F56-A824-488D1DDF086F}.Release|Any CPU.ActiveCfg = Release|Any CPU
		{B88F6840-18AC-4F56-A824-488D1DDF086F}.Release|Any CPU.Build.0 = Release|Any CPU
		{E313847F-74EA-4716-B96C-2C34F11CC297}.Debug|Any CPU.ActiveCfg = Debug|Any CPU
		{E313847F-74EA-4716-B96C-2C34F11CC297}.Debug|Any CPU.Build.0 = Debug|Any CPU
		{E313847F-74EA-4716-B96C-2C34F11CC297}.Release|Any CPU.ActiveCfg = Release|Any CPU
		{E313847F-74EA-4716-B96C-2C34F11CC297}.Release|Any CPU.Build.0 = Release|Any CPU
		{FAD40A21-2E8A-4906-8C92-97F1CE1EE957}.Debug|Any CPU.ActiveCfg = Debug|Any CPU
		{FAD40A21-2E8A-4906-8C92-97F1CE1EE957}.Debug|Any CPU.Build.0 = Debug|Any CPU
		{FAD40A21-2E8A-4906-8C92-97F1CE1EE957}.Release|Any CPU.ActiveCfg = Release|Any CPU
		{FAD40A21-2E8A-4906-8C92-97F1CE1EE957}.Release|Any CPU.Build.0 = Release|Any CPU
	EndGlobalSection
	GlobalSection(SolutionProperties) = preSolution
		HideSolutionNode = FALSE
	EndGlobalSection
	GlobalSection(ExtensibilityGlobals) = postSolution
		SolutionGuid = {B349A5AE-61DE-4FD7-BC33-E54E25F7505E}
	EndGlobalSection
EndGlobal
